PODS:
  - MBProgressHUD (1.0.0)
  - NeuraSDKFramework (3.2.0)

DEPENDENCIES:
  - MBProgressHUD (>= 1.0.0)
  - NeuraSDKFramework (~> 3.0)

SPEC CHECKSUMS:
  MBProgressHUD: 4890f671c94e8a0f3cf959aa731e9de2f036d71a
  NeuraSDKFramework: 3bd2fa691d9d168adb9cdf9c63aec77f21537688

PODFILE CHECKSUM: a2758cb13510a625ed947f709391fd2aad0d05f8

COCOAPODS: 1.2.1
